
Microsoft Visual Studio Solution File, Format Version 12.00
# Visual Studio Version 17
VisualStudioVersion = 17.4.33403.182
MinimumVisualStudioVersion = 10.0.40219.1
Project("{FAE04EC0-301F-11D3-BF4B-00C04F79EFBC}") = "CosmosDb", "CosmosDb\CosmosDb.csproj", "{3C241542-B51B-4664-B1B7-89CAEDA67F92}"
EndProject
Global
	GlobalSection(SolutionConfigurationPlatforms) = preSolution
		Debug|Any CPU = Debug|Any CPU
		Release|Any CPU = Release|Any CPU
	EndGlobalSection
	GlobalSection(ProjectConfigurationPlatforms) = postSolution
		{3C241542-B51B-4664-B1B7-89CAEDA67F92}.Debug|Any CPU.ActiveCfg = Debug|Any CPU
		{3C241542-B51B-4664-B1B7-89CAEDA67F92}.Debug|Any CPU.Build.0 = Debug|Any CPU
		{3C241542-B51B-4664-B1B7-89CAEDA67F92}.Release|Any CPU.ActiveCfg = Release|Any CPU
		{3C241542-B51B-4664-B1B7-89CAEDA67F92}.Release|Any CPU.Build.0 = Release|Any CPU
	EndGlobalSection
	GlobalSection(SolutionProperties) = preSolution
		HideSolutionNode = FALSE
	EndGlobalSection
	GlobalSection(ExtensibilityGlobals) = postSolution
		SolutionGuid = {D58704B7-62D0-4034-A65A-C4BF0EE981AD}
	EndGlobalSection
EndGlobal
